
Microsoft Visual Studio Solution File, Format Version 12.00
# Visual Studio Version 16
VisualStudioVersion = 16.0.29123.88
MinimumVisualStudioVersion = 10.0.40219.1
Project("{FAE04EC0-301F-11D3-BF4B-00C04F79EFBC}") = "cw1", "cw1.csproj", "{917B2506-7E23-4327-84D1-18204C8D7724}"
EndProject
Global
	GlobalSection(SolutionConfigurationPlatforms) = preSolution
		Debug|Any CPU = Debug|Any CPU
		Release|Any CPU = Release|Any CPU
	EndGlobalSection
	GlobalSection(ProjectConfigurationPlatforms) = postSolution
		{917B2506-7E23-4327-84D1-18204C8D7724}.Debug|Any CPU.ActiveCfg = Debug|Any CPU
		{917B2506-7E23-4327-84D1-18204C8D7724}.Debug|Any CPU.Build.0 = Debug|Any CPU
		{917B2506-7E23-4327-84D1-18204C8D7724}.Release|Any CPU.ActiveCfg = Release|Any CPU
		{917B2506-7E23-4327-84D1-18204C8D7724}.Release|Any CPU.Build.0 = Release|Any CPU
	EndGlobalSection
	GlobalSection(SolutionProperties) = preSolution
		HideSolutionNode = FALSE
	EndGlobalSection
	GlobalSection(ExtensibilityGlobals) = postSolution
		SolutionGuid = {55E1FCC3-D28E-43B3-8ED5-85B06C656DCB}
	EndGlobalSection
EndGlobal
